
Microsoft Visual Studio Solution File, Format Version 12.00
# Visual Studio 2013
VisualStudioVersion = 12.0.40629.0
MinimumVisualStudioVersion = 10.0.40219.1
Project("{FAE04EC0-301F-11D3-BF4B-00C04F79EFBC}") = "WFA", "WFA\WFA.csproj", "{08BE70A5-7023-424A-8ED8-F2E7340168A8}"
EndProject
Project("{FAE04EC0-301F-11D3-BF4B-00C04F79EFBC}") = "Model", "Model\Model.csproj", "{A18B0B5D-008B-41FD-8621-9712891E007D}"
EndProject
Global
	GlobalSection(SolutionConfigurationPlatforms) = preSolution
		Debug|Any CPU = Debug|Any CPU
		Release|Any CPU = Release|Any CPU
	EndGlobalSection
	GlobalSection(ProjectConfigurationPlatforms) = postSolution
		{08BE70A5-7023-424A-8ED8-F2E7340168A8}.Debug|Any CPU.ActiveCfg = Debug|Any CPU
		{08BE70A5-7023-424A-8ED8-F2E7340168A8}.Debug|Any CPU.Build.0 = Debug|Any CPU
		{08BE70A5-7023-424A-8ED8-F2E7340168A8}.Release|Any CPU.ActiveCfg = Release|Any CPU
		{08BE70A5-7023-424A-8ED8-F2E7340168A8}.Release|Any CPU.Build.0 = Release|Any CPU
		{A18B0B5D-008B-41FD-8621-9712891E007D}.Debug|Any CPU.ActiveCfg = Debug|Any CPU
		{A18B0B5D-008B-41FD-8621-9712891E007D}.Debug|Any CPU.Build.0 = Debug|Any CPU
		{A18B0B5D-008B-41FD-8621-9712891E007D}.Release|Any CPU.ActiveCfg = Release|Any CPU
		{A18B0B5D-008B-41FD-8621-9712891E007D}.Release|Any CPU.Build.0 = Release|Any CPU
	EndGlobalSection
	GlobalSection(SolutionProperties) = preSolution
		HideSolutionNode = FALSE
	EndGlobalSection
EndGlobal
